
Microsoft Visual Studio Solution File, Format Version 12.00
# Visual Studio Version 17
VisualStudioVersion = 17.3.32929.385
MinimumVisualStudioVersion = 10.0.40219.1
Project("{E53339B2-1760-4266-BCC7-CA923CBCF16C}") = "docker-compose", "docker-compose.dcproj", "{1C6A550C-992E-455C-9866-AF3323109BAD}"
EndProject
Project("{9A19103F-16F7-4668-BE54-9A1E7A4F7556}") = "LoggerApiDemo", "LoggerApiDemo\LoggerApiDemo.csproj", "{1667F95C-9793-467C-AD37-E56C0AFB251D}"
EndProject
Project("{9A19103F-16F7-4668-BE54-9A1E7A4F7556}") = "SyntheticExceptionApiDemo", "SyntheticExceptionApiDemo\SyntheticExceptionApiDemo.csproj", "{D12839D9-E8DF-4E0F-847F-07F0AC2517D8}"
EndProject
Project("{9A19103F-16F7-4668-BE54-9A1E7A4F7556}") = "ArchitectWorksPortal", "ArchitectWorksPortal\ArchitectWorksPortal.csproj", "{42C0136B-267F-47D8-9998-A9FFA046C358}"
EndProject
Project("{9A19103F-16F7-4668-BE54-9A1E7A4F7556}") = "ConsoleApp-AppInsights", "ConsoleApp-AppInsights\ConsoleApp-AppInsights.csproj", "{B06C3528-48FB-40B0-A78B-068BA1E6844C}"
EndProject
Global
	GlobalSection(SolutionConfigurationPlatforms) = preSolution
		Debug|Any CPU = Debug|Any CPU
		Release|Any CPU = Release|Any CPU
	EndGlobalSection
	GlobalSection(ProjectConfigurationPlatforms) = postSolution
		{1C6A550C-992E-455C-9866-AF3323109BAD}.Debug|Any CPU.ActiveCfg = Debug|Any CPU
		{1C6A550C-992E-455C-9866-AF3323109BAD}.Debug|Any CPU.Build.0 = Debug|Any CPU
		{1C6A550C-992E-455C-9866-AF3323109BAD}.Release|Any CPU.ActiveCfg = Release|Any CPU
		{1C6A550C-992E-455C-9866-AF3323109BAD}.Release|Any CPU.Build.0 = Release|Any CPU
		{1667F95C-9793-467C-AD37-E56C0AFB251D}.Debug|Any CPU.ActiveCfg = Debug|Any CPU
		{1667F95C-9793-467C-AD37-E56C0AFB251D}.Debug|Any CPU.Build.0 = Debug|Any CPU
		{1667F95C-9793-467C-AD37-E56C0AFB251D}.Release|Any CPU.ActiveCfg = Release|Any CPU
		{1667F95C-9793-467C-AD37-E56C0AFB251D}.Release|Any CPU.Build.0 = Release|Any CPU
		{D12839D9-E8DF-4E0F-847F-07F0AC2517D8}.Debug|Any CPU.ActiveCfg = Debug|Any CPU
		{D12839D9-E8DF-4E0F-847F-07F0AC2517D8}.Debug|Any CPU.Build.0 = Debug|Any CPU
		{D12839D9-E8DF-4E0F-847F-07F0AC2517D8}.Release|Any CPU.ActiveCfg = Release|Any CPU
		{D12839D9-E8DF-4E0F-847F-07F0AC2517D8}.Release|Any CPU.Build.0 = Release|Any CPU
		{42C0136B-267F-47D8-9998-A9FFA046C358}.Debug|Any CPU.ActiveCfg = Debug|Any CPU
		{42C0136B-267F-47D8-9998-A9FFA046C358}.Debug|Any CPU.Build.0 = Debug|Any CPU
		{42C0136B-267F-47D8-9998-A9FFA046C358}.Release|Any CPU.ActiveCfg = Release|Any CPU
		{42C0136B-267F-47D8-9998-A9FFA046C358}.Release|Any CPU.Build.0 = Release|Any CPU
		{B06C3528-48FB-40B0-A78B-068BA1E6844C}.Debug|Any CPU.ActiveCfg = Debug|Any CPU
		{B06C3528-48FB-40B0-A78B-068BA1E6844C}.Debug|Any CPU.Build.0 = Debug|Any CPU
		{B06C3528-48FB-40B0-A78B-068BA1E6844C}.Release|Any CPU.ActiveCfg = Release|Any CPU
		{B06C3528-48FB-40B0-A78B-068BA1E6844C}.Release|Any CPU.Build.0 = Release|Any CPU
	EndGlobalSection
	GlobalSection(SolutionProperties) = preSolution
		HideSolutionNode = FALSE
	EndGlobalSection
	GlobalSection(ExtensibilityGlobals) = postSolution
		SolutionGuid = {90C1416C-C5E0-482E-8CD1-94DA512D2D17}
	EndGlobalSection
EndGlobal
